<Solution>
  <Project Path="SwaadExpress.API/SwaadExpress.API.csproj" />
  <Project Path="SwaadExpress.Application/SwaadExpress.Application.csproj" Id="23a2da35-0ff3-4796-916b-5d34c603458d" />
  <Project Path="SwaadExpress.DAL/SwaadExpress.DAL.csproj" Id="bf793ae3-7c11-44fb-8df2-81344896bdd7" />
  <Project Path="SwaadExpress.Domain/SwaadExpress.Domain.csproj" />
</Solution>
